PODS:
  - Alamofire (3.0.0-beta.3)
  - AlamofireImage (2.0.0-beta.1):
    - Alamofire (~> 3.0.0-beta.3)
  - KDCircularProgress (1.2)
  - Mixpanel (2.8.3):
    - Mixpanel/Mixpanel (= 2.8.3)
  - Mixpanel/Mixpanel (2.8.3)
  - Onboard (2.1.7)
  - THTinderNavigationController-ssuchanowski (1.1.1)
  - TTTAttributedLabel (1.13.4)

DEPENDENCIES:
  - AlamofireImage (= 2.0.0-beta.1)
  - KDCircularProgress (~> 1.2)
  - Mixpanel (~> 2.8)
  - Onboard (~> 2.1)
  - THTinderNavigationController-ssuchanowski (from `https://github.com/BurlApps/THTinderNavigationController.git`)
  - TTTAttributedLabel (~> 1.13)

EXTERNAL SOURCES:
  THTinderNavigationController-ssuchanowski:
    :git: https://github.com/BurlApps/THTinderNavigationController.git

CHECKOUT OPTIONS:
  THTinderNavigationController-ssuchanowski:
    :commit: 03e3a3c0405db9f3fb42e15d93e11bfafb3896ce
    :git: https://github.com/BurlApps/THTinderNavigationController.git

SPEC CHECKSUMS:
  Alamofire: c89149e58431f6f94527e8c01f920456afe39bd0
  AlamofireImage: 6e16d1b33df25459b40be7c8a2ae6e3d6fefc080
  KDCircularProgress: 2a9abeeec6c94436a7a875c3ec10050e93fa2e38
  Mixpanel: fd52e097ae0d27295d0595b2261c60b94d191fda
  Onboard: 87648089e1b76d13b4f5bf8f7a1cdb144092f0af
  THTinderNavigationController-ssuchanowski: d081bb8c8e2145a40bc6817c6b75267849e07ebc
  TTTAttributedLabel: 0a2ac7b2dd726d32a070dafb01446026b11e624f

COCOAPODS: 0.38.2
